// !$*UTF8*$!
{
	archiveVersion = 1;
	classes = {
	};
	objectVersion = 55;
	objects = {

/* Begin PBXBuildFile section */
		32D386DA27FC89E9009FE15F /* GoogleService-Info.plist in Resources */ = {isa = PBXBuildFile; fileRef = 32D386D927FC89E9009FE15F /* GoogleService-Info.plist */; };
		32D386DC27FC89F0009FE15F /* GoogleService-Info.plist in Resources */ = {isa = PBXBuildFile; fileRef = 32D386DB27FC89F0009FE15F /* GoogleService-Info.plist */; };
		78A4C20627FC72660038EA15 /* Cell.swift in Sources */ = {isa = PBXBuildFile; fileRef = 78A4C20527FC72660038EA15 /* Cell.swift */; };
		84C3A68527FC58C400FB1853 /* AppDelegate.swift in Sources */ = {isa = PBXBuildFile; fileRef = 84C3A68427FC58C400FB1853 /* AppDelegate.swift */; };
		84C3A68727FC58C400FB1853 /* SceneDelegate.swift in Sources */ = {isa = PBXBuildFile; fileRef = 84C3A68627FC58C400FB1853 /* SceneDelegate.swift */; };
		84C3A68927FC58C400FB1853 /* ViewController.swift in Sources */ = {isa = PBXBuildFile; fileRef = 84C3A68827FC58C400FB1853 /* ViewController.swift */; };
		84C3A68C27FC58C400FB1853 /* Main.storyboard in Resources */ = {isa = PBXBuildFile; fileRef = 84C3A68A27FC58C400FB1853 /* Main.storyboard */; };
		84C3A68E27FC58C400FB1853 /* Assets.xcassets in Resources */ = {isa = PBXBuildFile; fileRef = 84C3A68D27FC58C400FB1853 /* Assets.xcassets */; };
		84C3A69127FC58C400FB1853 /* LaunchScreen.storyboard in Resources */ = {isa = PBXBuildFile; fileRef = 84C3A68F27FC58C400FB1853 /* LaunchScreen.storyboard */; };
		84F3734527FD96290007C89B /* TableViewController.swift in Sources */ = {isa = PBXBuildFile; fileRef = 84F3734427FD96290007C89B /* TableViewController.swift */; };
		84F3734B27FD9E940007C89B /* FirebaseAnalytics in Frameworks */ = {isa = PBXBuildFile; productRef = 84F3734A27FD9E940007C89B /* FirebaseAnalytics */; };
		84F3734D27FD9E940007C89B /* FirebaseAnalyticsSwift-Beta in Frameworks */ = {isa = PBXBuildFile; productRef = 84F3734C27FD9E940007C89B /* FirebaseAnalyticsSwift-Beta */; };
		84F3734F27FD9E940007C89B /* FirebaseAnalyticsWithoutAdIdSupport in Frameworks */ = {isa = PBXBuildFile; productRef = 84F3734E27FD9E940007C89B /* FirebaseAnalyticsWithoutAdIdSupport */; };
		84F3735127FD9E940007C89B /* FirebaseAppCheck in Frameworks */ = {isa = PBXBuildFile; productRef = 84F3735027FD9E940007C89B /* FirebaseAppCheck */; };
		84F3735327FD9E940007C89B /* FirebaseAppDistribution-Beta in Frameworks */ = {isa = PBXBuildFile; productRef = 84F3735227FD9E940007C89B /* FirebaseAppDistribution-Beta */; };
		84F3735527FD9E940007C89B /* FirebaseAuth in Frameworks */ = {isa = PBXBuildFile; productRef = 84F3735427FD9E940007C89B /* FirebaseAuth */; };
		84F3735727FD9E940007C89B /* FirebaseAuthCombine-Community in Frameworks */ = {isa = PBXBuildFile; productRef = 84F3735627FD9E940007C89B /* FirebaseAuthCombine-Community */; };
		84F3735927FD9E940007C89B /* FirebaseCrashlytics in Frameworks */ = {isa = PBXBuildFile; productRef = 84F3735827FD9E940007C89B /* FirebaseCrashlytics */; };
		84F3735B27FD9E940007C89B /* FirebaseDatabase in Frameworks */ = {isa = PBXBuildFile; productRef = 84F3735A27FD9E940007C89B /* FirebaseDatabase */; };
		84F3735D27FD9E940007C89B /* FirebaseDatabaseSwift-Beta in Frameworks */ = {isa = PBXBuildFile; productRef = 84F3735C27FD9E940007C89B /* FirebaseDatabaseSwift-Beta */; };
		84F3735F27FD9E940007C89B /* FirebaseDynamicLinks in Frameworks */ = {isa = PBXBuildFile; productRef = 84F3735E27FD9E940007C89B /* FirebaseDynamicLinks */; };
		84F3736127FD9E940007C89B /* FirebaseFirestore in Frameworks */ = {isa = PBXBuildFile; productRef = 84F3736027FD9E940007C89B /* FirebaseFirestore */; };
		84F3736327FD9E940007C89B /* FirebaseFirestoreCombine-Community in Frameworks */ = {isa = PBXBuildFile; productRef = 84F3736227FD9E940007C89B /* FirebaseFirestoreCombine-Community */; };
		84F3736527FD9E940007C89B /* FirebaseFirestoreSwift-Beta in Frameworks */ = {isa = PBXBuildFile; productRef = 84F3736427FD9E940007C89B /* FirebaseFirestoreSwift-Beta */; };
		84F3736727FD9E940007C89B /* FirebaseFunctions in Frameworks */ = {isa = PBXBuildFile; productRef = 84F3736627FD9E940007C89B /* FirebaseFunctions */; };
		84F3736927FD9E940007C89B /* FirebaseFunctionsCombine-Community in Frameworks */ = {isa = PBXBuildFile; productRef = 84F3736827FD9E940007C89B /* FirebaseFunctionsCombine-Community */; };
		84F3736B27FD9E940007C89B /* FirebaseFunctionsSwift-Beta in Frameworks */ = {isa = PBXBuildFile; productRef = 84F3736A27FD9E940007C89B /* FirebaseFunctionsSwift-Beta */; };
		84F3736D27FD9E940007C89B /* FirebaseInAppMessaging-Beta in Frameworks */ = {isa = PBXBuildFile; productRef = 84F3736C27FD9E940007C89B /* FirebaseInAppMessaging-Beta */; };
		84F3736F27FD9E940007C89B /* FirebaseInAppMessagingSwift-Beta in Frameworks */ = {isa = PBXBuildFile; productRef = 84F3736E27FD9E940007C89B /* FirebaseInAppMessagingSwift-Beta */; };
		84F3737127FD9E940007C89B /* FirebaseInstallations in Frameworks */ = {isa = PBXBuildFile; productRef = 84F3737027FD9E940007C89B /* FirebaseInstallations */; };
		84F3737327FD9E940007C89B /* FirebaseMLModelDownloader in Frameworks */ = {isa = PBXBuildFile; productRef = 84F3737227FD9E940007C89B /* FirebaseMLModelDownloader */; };
		84F3737527FD9E940007C89B /* FirebaseMessaging in Frameworks */ = {isa = PBXBuildFile; productRef = 84F3737427FD9E940007C89B /* FirebaseMessaging */; };
		84F3737727FD9E940007C89B /* FirebasePerformance in Frameworks */ = {isa = PBXBuildFile; productRef = 84F3737627FD9E940007C89B /* FirebasePerformance */; };
		84F3737927FD9E940007C89B /* FirebaseRemoteConfig in Frameworks */ = {isa = PBXBuildFile; productRef = 84F3737827FD9E940007C89B /* FirebaseRemoteConfig */; };
		84F3737B27FD9E940007C89B /* FirebaseRemoteConfigSwift-Beta in Frameworks */ = {isa = PBXBuildFile; productRef = 84F3737A27FD9E940007C89B /* FirebaseRemoteConfigSwift-Beta */; };
		84F3737D27FD9E940007C89B /* FirebaseStorage in Frameworks */ = {isa = PBXBuildFile; productRef = 84F3737C27FD9E940007C89B /* FirebaseStorage */; };
		84F3737F27FD9E940007C89B /* FirebaseStorageCombine-Community in Frameworks */ = {isa = PBXBuildFile; productRef = 84F3737E27FD9E940007C89B /* FirebaseStorageCombine-Community */; };
		84F3738127FD9E940007C89B /* FirebaseStorageSwift-Beta in Frameworks */ = {isa = PBXBuildFile; productRef = 84F3738027FD9E940007C89B /* FirebaseStorageSwift-Beta */; };
		84F3738327FDB2890007C89B /* GameViewController.swift in Sources */ = {isa = PBXBuildFile; fileRef = 84F3738227FDB2890007C89B /* GameViewController.swift */; };
		84F3738927FEEB590007C89B /* SettingsViewController.swift in Sources */ = {isa = PBXBuildFile; fileRef = 84F3738827FEEB590007C89B /* SettingsViewController.swift */; };
		84F3738B27FEEB6B0007C89B /* AboutViewController.swift in Sources */ = {isa = PBXBuildFile; fileRef = 84F3738A27FEEB6B0007C89B /* AboutViewController.swift */; };
/* End PBXBuildFile section */

/* Begin PBXFileReference section */
		32D386D927FC89E9009FE15F /* GoogleService-Info.plist */ = {isa = PBXFileReference; fileEncoding = 4; lastKnownFileType = text.plist.xml; name = "GoogleService-Info.plist"; path = "Projet-ios-2022/GoogleService-Info.plist"; sourceTree = "<group>"; };
		32D386DB27FC89F0009FE15F /* GoogleService-Info.plist */ = {isa = PBXFileReference; fileEncoding = 4; lastKnownFileType = text.plist.xml; path = "GoogleService-Info.plist"; sourceTree = "<group>"; };
		78A4C20527FC72660038EA15 /* Cell.swift */ = {isa = PBXFileReference; fileEncoding = 4; lastKnownFileType = sourcecode.swift; path = Cell.swift; sourceTree = "<group>"; };
		84C3A68127FC58C400FB1853 /* Projet-ios-2022.app */ = {isa = PBXFileReference; explicitFileType = wrapper.application; includeInIndex = 0; path = "Projet-ios-2022.app"; sourceTree = BUILT_PRODUCTS_DIR; };
		84C3A68427FC58C400FB1853 /* AppDelegate.swift */ = {isa = PBXFileReference; lastKnownFileType = sourcecode.swift; path = AppDelegate.swift; sourceTree = "<group>"; };
		84C3A68627FC58C400FB1853 /* SceneDelegate.swift */ = {isa = PBXFileReference; lastKnownFileType = sourcecode.swift; path = SceneDelegate.swift; sourceTree = "<group>"; };
		84C3A68827FC58C400FB1853 /* ViewController.swift */ = {isa = PBXFileReference; lastKnownFileType = sourcecode.swift; path = ViewController.swift; sourceTree = "<group>"; };
		84C3A68B27FC58C400FB1853 /* Base */ = {isa = PBXFileReference; lastKnownFileType = file.storyboard; name = Base; path = Base.lproj/Main.storyboard; sourceTree = "<group>"; };
		84C3A68D27FC58C400FB1853 /* Assets.xcassets */ = {isa = PBXFileReference; lastKnownFileType = folder.assetcatalog; path = Assets.xcassets; sourceTree = "<group>"; };
		84C3A69027FC58C400FB1853 /* Base */ = {isa = PBXFileReference; lastKnownFileType = file.storyboard; name = Base; path = Base.lproj/LaunchScreen.storyboard; sourceTree = "<group>"; };
		84C3A69227FC58C400FB1853 /* Info.plist */ = {isa = PBXFileReference; lastKnownFileType = text.plist.xml; path = Info.plist; sourceTree = "<group>"; };
		84F3734427FD96290007C89B /* TableViewController.swift */ = {isa = PBXFileReference; fileEncoding = 4; lastKnownFileType = sourcecode.swift; path = TableViewController.swift; sourceTree = "<group>"; };
		84F3734727FD9C920007C89B /* firebase-ios-sdk */ = {isa = PBXFileReference; lastKnownFileType = wrapper; name = "firebase-ios-sdk"; path = "../../../../Library/Developer/Xcode/DerivedData/Projet-ios-2022-baphxwwfrpckqifxfeizdwkvgoit/SourcePackages/checkouts/firebase-ios-sdk"; sourceTree = "<group>"; };
		84F3734827FD9CF60007C89B /* firebase-ios-sdk */ = {isa = PBXFileReference; lastKnownFileType = wrapper; name = "firebase-ios-sdk"; path = "../../../../Library/Developer/Xcode/DerivedData/Projet-ios-2022-baphxwwfrpckqifxfeizdwkvgoit/SourcePackages/checkouts/firebase-ios-sdk"; sourceTree = "<group>"; };
		84F3738227FDB2890007C89B /* GameViewController.swift */ = {isa = PBXFileReference; fileEncoding = 4; lastKnownFileType = sourcecode.swift; path = GameViewController.swift; sourceTree = "<group>"; };
		84F3738827FEEB590007C89B /* SettingsViewController.swift */ = {isa = PBXFileReference; fileEncoding = 4; lastKnownFileType = sourcecode.swift; path = SettingsViewController.swift; sourceTree = "<group>"; };
		84F3738A27FEEB6B0007C89B /* AboutViewController.swift */ = {isa = PBXFileReference; fileEncoding = 4; lastKnownFileType = sourcecode.swift; path = AboutViewController.swift; sourceTree = "<group>"; };
/* End PBXFileReference section */

/* Begin PBXFrameworksBuildPhase section */
		84C3A67E27FC58C400FB1853 /* Frameworks */ = {
			isa = PBXFrameworksBuildPhase;
			buildActionMask = 2147483647;
			files = (
				84F3736327FD9E940007C89B /* FirebaseFirestoreCombine-Community in Frameworks */,
				84F3735D27FD9E940007C89B /* FirebaseDatabaseSwift-Beta in Frameworks */,
				84F3735F27FD9E940007C89B /* FirebaseDynamicLinks in Frameworks */,
				84F3735127FD9E940007C89B /* FirebaseAppCheck in Frameworks */,
				84F3735527FD9E940007C89B /* FirebaseAuth in Frameworks */,
				84F3738127FD9E940007C89B /* FirebaseStorageSwift-Beta in Frameworks */,
				84F3734D27FD9E940007C89B /* FirebaseAnalyticsSwift-Beta in Frameworks */,
				84F3737B27FD9E940007C89B /* FirebaseRemoteConfigSwift-Beta in Frameworks */,
				84F3737327FD9E940007C89B /* FirebaseMLModelDownloader in Frameworks */,
				84F3736127FD9E940007C89B /* FirebaseFirestore in Frameworks */,
				84F3736927FD9E940007C89B /* FirebaseFunctionsCombine-Community in Frameworks */,
				84F3735327FD9E940007C89B /* FirebaseAppDistribution-Beta in Frameworks */,
				84F3734F27FD9E940007C89B /* FirebaseAnalyticsWithoutAdIdSupport in Frameworks */,
				84F3736527FD9E940007C89B /* FirebaseFirestoreSwift-Beta in Frameworks */,
				84F3736D27FD9E940007C89B /* FirebaseInAppMessaging-Beta in Frameworks */,
				84F3735927FD9E940007C89B /* FirebaseCrashlytics in Frameworks */,
				84F3735B27FD9E940007C89B /* FirebaseDatabase in Frameworks */,
				84F3737F27FD9E940007C89B /* FirebaseStorageCombine-Community in Frameworks */,
				84F3737927FD9E940007C89B /* FirebaseRemoteConfig in Frameworks */,
				84F3736B27FD9E940007C89B /* FirebaseFunctionsSwift-Beta in Frameworks */,
				84F3736727FD9E940007C89B /* FirebaseFunctions in Frameworks */,
				84F3737727FD9E940007C89B /* FirebasePerformance in Frameworks */,
				84F3736F27FD9E940007C89B /* FirebaseInAppMessagingSwift-Beta in Frameworks */,
				84F3737D27FD9E940007C89B /* FirebaseStorage in Frameworks */,
				84F3735727FD9E940007C89B /* FirebaseAuthCombine-Community in Frameworks */,
				84F3734B27FD9E940007C89B /* FirebaseAnalytics in Frameworks */,
				84F3737527FD9E940007C89B /* FirebaseMessaging in Frameworks */,
				84F3737127FD9E940007C89B /* FirebaseInstallations in Frameworks */,
			);
			runOnlyForDeploymentPostprocessing = 0;
		};
/* End PBXFrameworksBuildPhase section */

/* Begin PBXGroup section */
		84C3A67827FC58C400FB1853 = {
			isa = PBXGroup;
			children = (
				84F3734627FD9C920007C89B /* Packages */,
				32D386D927FC89E9009FE15F /* GoogleService-Info.plist */,
				84C3A68327FC58C400FB1853 /* Projet-ios-2022 */,
				84C3A68227FC58C400FB1853 /* Products */,
			);
			sourceTree = "<group>";
		};
		84C3A68227FC58C400FB1853 /* Products */ = {
			isa = PBXGroup;
			children = (
				84C3A68127FC58C400FB1853 /* Projet-ios-2022.app */,
			);
			name = Products;
			sourceTree = "<group>";
		};
		84C3A68327FC58C400FB1853 /* Projet-ios-2022 */ = {
			isa = PBXGroup;
			children = (
				84F3738227FDB2890007C89B /* GameViewController.swift */,
				32D386DB27FC89F0009FE15F /* GoogleService-Info.plist */,
				84C3A68427FC58C400FB1853 /* AppDelegate.swift */,
				78A4C20527FC72660038EA15 /* Cell.swift */,
				84C3A68627FC58C400FB1853 /* SceneDelegate.swift */,
				84C3A68827FC58C400FB1853 /* ViewController.swift */,
				84F3738A27FEEB6B0007C89B /* AboutViewController.swift */,
				84F3738827FEEB590007C89B /* SettingsViewController.swift */,
				84C3A68A27FC58C400FB1853 /* Main.storyboard */,
				84C3A68D27FC58C400FB1853 /* Assets.xcassets */,
				84C3A68F27FC58C400FB1853 /* LaunchScreen.storyboard */,
				84C3A69227FC58C400FB1853 /* Info.plist */,
				84F3734427FD96290007C89B /* TableViewController.swift */,
			);
			path = "Projet-ios-2022";
			sourceTree = "<group>";
		};
		84F3734627FD9C920007C89B /* Packages */ = {
			isa = PBXGroup;
			children = (
				84F3734727FD9C920007C89B /* firebase-ios-sdk */,
				84F3734827FD9CF60007C89B /* firebase-ios-sdk */,
			);
			name = Packages;
			sourceTree = "<group>";
		};
/* End PBXGroup section */

/* Begin PBXNativeTarget section */
		84C3A68027FC58C400FB1853 /* Projet-ios-2022 */ = {
			isa = PBXNativeTarget;
			buildConfigurationList = 84C3A69527FC58C400FB1853 /* Build configuration list for PBXNativeTarget "Projet-ios-2022" */;
			buildPhases = (
				84C3A67D27FC58C400FB1853 /* Sources */,
				84C3A67E27FC58C400FB1853 /* Frameworks */,
				84C3A67F27FC58C400FB1853 /* Resources */,
			);
			buildRules = (
			);
			dependencies = (
			);
			name = "Projet-ios-2022";
			packageProductDependencies = (
				84F3734A27FD9E940007C89B /* FirebaseAnalytics */,
				84F3734C27FD9E940007C89B /* FirebaseAnalyticsSwift-Beta */,
				84F3734E27FD9E940007C89B /* FirebaseAnalyticsWithoutAdIdSupport */,
				84F3735027FD9E940007C89B /* FirebaseAppCheck */,
				84F3735227FD9E940007C89B /* FirebaseAppDistribution-Beta */,
				84F3735427FD9E940007C89B /* FirebaseAuth */,
				84F3735627FD9E940007C89B /* FirebaseAuthCombine-Community */,
				84F3735827FD9E940007C89B /* FirebaseCrashlytics */,
				84F3735A27FD9E940007C89B /* FirebaseDatabase */,
				84F3735C27FD9E940007C89B /* FirebaseDatabaseSwift-Beta */,
				84F3735E27FD9E940007C89B /* FirebaseDynamicLinks */,
				84F3736027FD9E940007C89B /* FirebaseFirestore */,
				84F3736227FD9E940007C89B /* FirebaseFirestoreCombine-Community */,
				84F3736427FD9E940007C89B /* FirebaseFirestoreSwift-Beta */,
				84F3736627FD9E940007C89B /* FirebaseFunctions */,
				84F3736827FD9E940007C89B /* FirebaseFunctionsCombine-Community */,
				84F3736A27FD9E940007C89B /* FirebaseFunctionsSwift-Beta */,
				84F3736C27FD9E940007C89B /* FirebaseInAppMessaging-Beta */,
				84F3736E27FD9E940007C89B /* FirebaseInAppMessagingSwift-Beta */,
				84F3737027FD9E940007C89B /* FirebaseInstallations */,
				84F3737227FD9E940007C89B /* FirebaseMLModelDownloader */,
				84F3737427FD9E940007C89B /* FirebaseMessaging */,
				84F3737627FD9E940007C89B /* FirebasePerformance */,
				84F3737827FD9E940007C89B /* FirebaseRemoteConfig */,
				84F3737A27FD9E940007C89B /* FirebaseRemoteConfigSwift-Beta */,
				84F3737C27FD9E940007C89B /* FirebaseStorage */,
				84F3737E27FD9E940007C89B /* FirebaseStorageCombine-Community */,
				84F3738027FD9E940007C89B /* FirebaseStorageSwift-Beta */,
			);
			productName = "Projet-ios-2022";
			productReference = 84C3A68127FC58C400FB1853 /* Projet-ios-2022.app */;
			productType = "com.apple.product-type.application";
		};
/* End PBXNativeTarget section */

/* Begin PBXProject section */
		84C3A67927FC58C400FB1853 /* Project object */ = {
			isa = PBXProject;
			attributes = {
				BuildIndependentTargetsInParallel = 1;
				LastSwiftUpdateCheck = 1320;
				LastUpgradeCheck = 1320;
				TargetAttributes = {
					84C3A68027FC58C400FB1853 = {
						CreatedOnToolsVersion = 13.2.1;
					};
				};
			};
			buildConfigurationList = 84C3A67C27FC58C400FB1853 /* Build configuration list for PBXProject "Projet-ios-2022" */;
			compatibilityVersion = "Xcode 13.0";
			developmentRegion = en;
			hasScannedForEncodings = 0;
			knownRegions = (
				en,
				Base,
			);
			mainGroup = 84C3A67827FC58C400FB1853;
			packageReferences = (
				84F3734927FD9E940007C89B /* XCRemoteSwiftPackageReference "firebase-ios-sdk" */,
			);
			productRefGroup = 84C3A68227FC58C400FB1853 /* Products */;
			projectDirPath = "";
			projectRoot = "";
			targets = (
				84C3A68027FC58C400FB1853 /* Projet-ios-2022 */,
			);
		};
/* End PBXProject section */

/* Begin PBXResourcesBuildPhase section */
		84C3A67F27FC58C400FB1853 /* Resources */ = {
			isa = PBXResourcesBuildPhase;
			buildActionMask = 2147483647;
			files = (
				84C3A69127FC58C400FB1853 /* LaunchScreen.storyboard in Resources */,
				32D386DA27FC89E9009FE15F /* GoogleService-Info.plist in Resources */,
				32D386DC27FC89F0009FE15F /* GoogleService-Info.plist in Resources */,
				84C3A68E27FC58C400FB1853 /* Assets.xcassets in Resources */,
				84C3A68C27FC58C400FB1853 /* Main.storyboard in Resources */,
			);
			runOnlyForDeploymentPostprocessing = 0;
		};
/* End PBXResourcesBuildPhase section */

/* Begin PBXSourcesBuildPhase section */
		84C3A67D27FC58C400FB1853 /* Sources */ = {
			isa = PBXSourcesBuildPhase;
			buildActionMask = 2147483647;
			files = (
				84F3738327FDB2890007C89B /* GameViewController.swift in Sources */,
				84F3734527FD96290007C89B /* TableViewController.swift in Sources */,
				84F3738B27FEEB6B0007C89B /* AboutViewController.swift in Sources */,
				84C3A68927FC58C400FB1853 /* ViewController.swift in Sources */,
				78A4C20627FC72660038EA15 /* Cell.swift in Sources */,
				84C3A68527FC58C400FB1853 /* AppDelegate.swift in Sources */,
				84C3A68727FC58C400FB1853 /* SceneDelegate.swift in Sources */,
				84F3738927FEEB590007C89B /* SettingsViewController.swift in Sources */,
			);
			runOnlyForDeploymentPostprocessing = 0;
		};
/* End PBXSourcesBuildPhase section */

/* Begin PBXVariantGroup section */
		84C3A68A27FC58C400FB1853 /* Main.storyboard */ = {
			isa = PBXVariantGroup;
			children = (
				84C3A68B27FC58C400FB1853 /* Base */,
			);
			name = Main.storyboard;
			sourceTree = "<group>";
		};
		84C3A68F27FC58C400FB1853 /* LaunchScreen.storyboard */ = {
			isa = PBXVariantGroup;
			children = (
				84C3A69027FC58C400FB1853 /* Base */,
			);
			name = LaunchScreen.storyboard;
			sourceTree = "<group>";
		};
/* End PBXVariantGroup section */

/* Begin XCBuildConfiguration section */
		84C3A69327FC58C400FB1853 /* Debug */ = {
			isa = XCBuildConfiguration;
			buildSettings = {
				ALWAYS_SEARCH_USER_PATHS = NO;
				CLANG_ANALYZER_NONNULL = YES;
				CLANG_ANALYZER_NUMBER_OBJECT_CONVERSION = YES_AGGRESSIVE;
				CLANG_CXX_LANGUAGE_STANDARD = "gnu++17";
				CLANG_CXX_LIBRARY = "libc++";
				CLANG_ENABLE_MODULES = YES;
				CLANG_ENABLE_OBJC_ARC = YES;
				CLANG_ENABLE_OBJC_WEAK = YES;
				CLANG_WARN_BLOCK_CAPTURE_AUTORELEASING = YES;
				CLANG_WARN_BOOL_CONVERSION = YES;
				CLANG_WARN_COMMA = YES;
				CLANG_WARN_CONSTANT_CONVERSION = YES;
				CLANG_WARN_DEPRECATED_OBJC_IMPLEMENTATIONS = YES;
				CLANG_WARN_DIRECT_OBJC_ISA_USAGE = YES_ERROR;
				CLANG_WARN_DOCUMENTATION_COMMENTS = YES;
				CLANG_WARN_EMPTY_BODY = YES;
				CLANG_WARN_ENUM_CONVERSION = YES;
				CLANG_WARN_INFINITE_RECURSION = YES;
				CLANG_WARN_INT_CONVERSION = YES;
				CLANG_WARN_NON_LITERAL_NULL_CONVERSION = YES;
				CLANG_WARN_OBJC_IMPLICIT_RETAIN_SELF = YES;
				CLANG_WARN_OBJC_LITERAL_CONVERSION = YES;
				CLANG_WARN_OBJC_ROOT_CLASS = YES_ERROR;
				CLANG_WARN_QUOTED_INCLUDE_IN_FRAMEWORK_HEADER = YES;
				CLANG_WARN_RANGE_LOOP_ANALYSIS = YES;
				CLANG_WARN_STRICT_PROTOTYPES = YES;
				CLANG_WARN_SUSPICIOUS_MOVE = YES;
				CLANG_WARN_UNGUARDED_AVAILABILITY = YES_AGGRESSIVE;
				CLANG_WARN_UNREACHABLE_CODE = YES;
				CLANG_WARN__DUPLICATE_METHOD_MATCH = YES;
				COPY_PHASE_STRIP = NO;
				DEBUG_INFORMATION_FORMAT = dwarf;
				ENABLE_STRICT_OBJC_MSGSEND = YES;
				ENABLE_TESTABILITY = YES;
				GCC_C_LANGUAGE_STANDARD = gnu11;
				GCC_DYNAMIC_NO_PIC = NO;
				GCC_NO_COMMON_BLOCKS = YES;
				GCC_OPTIMIZATION_LEVEL = 0;
				GCC_PREPROCESSOR_DEFINITIONS = (
					"DEBUG=1",
					"$(inherited)",
				);
				GCC_WARN_64_TO_32_BIT_CONVERSION = YES;
				GCC_WARN_ABOUT_RETURN_TYPE = YES_ERROR;
				GCC_WARN_UNDECLARED_SELECTOR = YES;
				GCC_WARN_UNINITIALIZED_AUTOS = YES_AGGRESSIVE;
				GCC_WARN_UNUSED_FUNCTION = YES;
				GCC_WARN_UNUSED_VARIABLE = YES;
				IPHONEOS_DEPLOYMENT_TARGET = 15.0;
				MTL_ENABLE_DEBUG_INFO = INCLUDE_SOURCE;
				MTL_FAST_MATH = YES;
				ONLY_ACTIVE_ARCH = YES;
				SDKROOT = iphoneos;
				SWIFT_ACTIVE_COMPILATION_CONDITIONS = DEBUG;
				SWIFT_OPTIMIZATION_LEVEL = "-Onone";
			};
			name = Debug;
		};
		84C3A69427FC58C400FB1853 /* Release */ = {
			isa = XCBuildConfiguration;
			buildSettings = {
				ALWAYS_SEARCH_USER_PATHS = NO;
				CLANG_ANALYZER_NONNULL = YES;
				CLANG_ANALYZER_NUMBER_OBJECT_CONVERSION = YES_AGGRESSIVE;
				CLANG_CXX_LANGUAGE_STANDARD = "gnu++17";
				CLANG_CXX_LIBRARY = "libc++";
				CLANG_ENABLE_MODULES = YES;
				CLANG_ENABLE_OBJC_ARC = YES;
				CLANG_ENABLE_OBJC_WEAK = YES;
				CLANG_WARN_BLOCK_CAPTURE_AUTORELEASING = YES;
				CLANG_WARN_BOOL_CONVERSION = YES;
				CLANG_WARN_COMMA = YES;
				CLANG_WARN_CONSTANT_CONVERSION = YES;
				CLANG_WARN_DEPRECATED_OBJC_IMPLEMENTATIONS = YES;
				CLANG_WARN_DIRECT_OBJC_ISA_USAGE = YES_ERROR;
				CLANG_WARN_DOCUMENTATION_COMMENTS = YES;
				CLANG_WARN_EMPTY_BODY = YES;
				CLANG_WARN_ENUM_CONVERSION = YES;
				CLANG_WARN_INFINITE_RECURSION = YES;
				CLANG_WARN_INT_CONVERSION = YES;
				CLANG_WARN_NON_LITERAL_NULL_CONVERSION = YES;
				CLANG_WARN_OBJC_IMPLICIT_RETAIN_SELF = YES;
				CLANG_WARN_OBJC_LITERAL_CONVERSION = YES;
				CLANG_WARN_OBJC_ROOT_CLASS = YES_ERROR;
				CLANG_WARN_QUOTED_INCLUDE_IN_FRAMEWORK_HEADER = YES;
				CLANG_WARN_RANGE_LOOP_ANALYSIS = YES;
				CLANG_WARN_STRICT_PROTOTYPES = YES;
				CLANG_WARN_SUSPICIOUS_MOVE = YES;
				CLANG_WARN_UNGUARDED_AVAILABILITY = YES_AGGRESSIVE;
				CLANG_WARN_UNREACHABLE_CODE = YES;
				CLANG_WARN__DUPLICATE_METHOD_MATCH = YES;
				COPY_PHASE_STRIP = NO;
				DEBUG_INFORMATION_FORMAT = "dwarf-with-dsym";
				ENABLE_NS_ASSERTIONS = NO;
				ENABLE_STRICT_OBJC_MSGSEND = YES;
				GCC_C_LANGUAGE_STANDARD = gnu11;
				GCC_NO_COMMON_BLOCKS = YES;
				GCC_WARN_64_TO_32_BIT_CONVERSION = YES;
				GCC_WARN_ABOUT_RETURN_TYPE = YES_ERROR;
				GCC_WARN_UNDECLARED_SELECTOR = YES;
				GCC_WARN_UNINITIALIZED_AUTOS = YES_AGGRESSIVE;
				GCC_WARN_UNUSED_FUNCTION = YES;
				GCC_WARN_UNUSED_VARIABLE = YES;
				IPHONEOS_DEPLOYMENT_TARGET = 15.0;
				MTL_ENABLE_DEBUG_INFO = NO;
				MTL_FAST_MATH = YES;
				SDKROOT = iphoneos;
				SWIFT_COMPILATION_MODE = wholemodule;
				SWIFT_OPTIMIZATION_LEVEL = "-O";
				VALIDATE_PRODUCT = YES;
			};
			name = Release;
		};
		84C3A69627FC58C400FB1853 /* Debug */ = {
			isa = XCBuildConfiguration;
			buildSettings = {
				ASSETCATALOG_COMPILER_APPICON_NAME = AppIcon;
				ASSETCATALOG_COMPILER_GLOBAL_ACCENT_COLOR_NAME = AccentColor;
				CODE_SIGN_IDENTITY = "Apple Development";
				CODE_SIGN_STYLE = Automatic;
				CURRENT_PROJECT_VERSION = 1;
				DEVELOPMENT_TEAM = "";
				GENERATE_INFOPLIST_FILE = YES;
				INFOPLIST_FILE = "Projet-ios-2022/Info.plist";
				INFOPLIST_KEY_UIApplicationSupportsIndirectInputEvents = YES;
				INFOPLIST_KEY_UILaunchStoryboardName = LaunchScreen;
				INFOPLIST_KEY_UIMainStoryboardFile = Main;
				INFOPLIST_KEY_UISupportedInterfaceOrientations_iPad = "UIInterfaceOrientationPortrait UIInterfaceOrientationPortraitUpsideDown UIInterfaceOrientationLandscapeLeft UIInterfaceOrientationLandscapeRight";
				INFOPLIST_KEY_UISupportedInterfaceOrientations_iPhone = "UIInterfaceOrientationPortrait UIInterfaceOrientationLandscapeLeft UIInterfaceOrientationLandscapeRight";
				LD_RUNPATH_SEARCH_PATHS = (
					"$(inherited)",
					"@executable_path/Frameworks",
				);
				MARKETING_VERSION = 1.0;
				PRODUCT_BUNDLE_IDENTIFIER = "TAKA-Gang.Projet-ios-2022";
				PRODUCT_NAME = "$(TARGET_NAME)";
				PROVISIONING_PROFILE_SPECIFIER = "";
				SWIFT_EMIT_LOC_STRINGS = YES;
				SWIFT_VERSION = 5.0;
				TARGETED_DEVICE_FAMILY = "1,2";
			};
			name = Debug;
		};
		84C3A69727FC58C400FB1853 /* Release */ = {
			isa = XCBuildConfiguration;
			buildSettings = {
				ASSETCATALOG_COMPILER_APPICON_NAME = AppIcon;
				ASSETCATALOG_COMPILER_GLOBAL_ACCENT_COLOR_NAME = AccentColor;
				CODE_SIGN_IDENTITY = "Apple Development";
				CODE_SIGN_STYLE = Automatic;
				CURRENT_PROJECT_VERSION = 1;
				DEVELOPMENT_TEAM = "";
				GENERATE_INFOPLIST_FILE = YES;
				INFOPLIST_FILE = "Projet-ios-2022/Info.plist";
				INFOPLIST_KEY_UIApplicationSupportsIndirectInputEvents = YES;
				INFOPLIST_KEY_UILaunchStoryboardName = LaunchScreen;
				INFOPLIST_KEY_UIMainStoryboardFile = Main;
				INFOPLIST_KEY_UISupportedInterfaceOrientations_iPad = "UIInterfaceOrientationPortrait UIInterfaceOrientationPortraitUpsideDown UIInterfaceOrientationLandscapeLeft UIInterfaceOrientationLandscapeRight";
				INFOPLIST_KEY_UISupportedInterfaceOrientations_iPhone = "UIInterfaceOrientationPortrait UIInterfaceOrientationLandscapeLeft UIInterfaceOrientationLandscapeRight";
				LD_RUNPATH_SEARCH_PATHS = (
					"$(inherited)",
					"@executable_path/Frameworks",
				);
				MARKETING_VERSION = 1.0;
				PRODUCT_BUNDLE_IDENTIFIER = "TAKA-Gang.Projet-ios-2022";
				PRODUCT_NAME = "$(TARGET_NAME)";
				PROVISIONING_PROFILE_SPECIFIER = "";
				SWIFT_EMIT_LOC_STRINGS = YES;
				SWIFT_VERSION = 5.0;
				TARGETED_DEVICE_FAMILY = "1,2";
			};
			name = Release;
		};
/* End XCBuildConfiguration section */

/* Begin XCConfigurationList section */
		84C3A67C27FC58C400FB1853 /* Build configuration list for PBXProject "Projet-ios-2022" */ = {
			isa = XCConfigurationList;
			buildConfigurations = (
				84C3A69327FC58C400FB1853 /* Debug */,
				84C3A69427FC58C400FB1853 /* Release */,
			);
			defaultConfigurationIsVisible = 0;
			defaultConfigurationName = Release;
		};
		84C3A69527FC58C400FB1853 /* Build configuration list for PBXNativeTarget "Projet-ios-2022" */ = {
			isa = XCConfigurationList;
			buildConfigurations = (
				84C3A69627FC58C400FB1853 /* Debug */,
				84C3A69727FC58C400FB1853 /* Release */,
			);
			defaultConfigurationIsVisible = 0;
			defaultConfigurationName = Release;
		};
/* End XCConfigurationList section */

/* Begin XCRemoteSwiftPackageReference section */
		84F3734927FD9E940007C89B /* XCRemoteSwiftPackageReference "firebase-ios-sdk" */ = {
			isa = XCRemoteSwiftPackageReference;
			repositoryURL = "https://github.com/firebase/firebase-ios-sdk";
			requirement = {
				branch = master;
				kind = branch;
			};
		};
/* End XCRemoteSwiftPackageReference section */

/* Begin XCSwiftPackageProductDependency section */
		84F3734A27FD9E940007C89B /* FirebaseAnalytics */ = {
			isa = XCSwiftPackageProductDependency;
			package = 84F3734927FD9E940007C89B /* XCRemoteSwiftPackageReference "firebase-ios-sdk" */;
			productName = FirebaseAnalytics;
		};
		84F3734C27FD9E940007C89B /* FirebaseAnalyticsSwift-Beta */ = {
			isa = XCSwiftPackageProductDependency;
			package = 84F3734927FD9E940007C89B /* XCRemoteSwiftPackageReference "firebase-ios-sdk" */;
			productName = "FirebaseAnalyticsSwift-Beta";
		};
		84F3734E27FD9E940007C89B /* FirebaseAnalyticsWithoutAdIdSupport */ = {
			isa = XCSwiftPackageProductDependency;
			package = 84F3734927FD9E940007C89B /* XCRemoteSwiftPackageReference "firebase-ios-sdk" */;
			productName = FirebaseAnalyticsWithoutAdIdSupport;
		};
		84F3735027FD9E940007C89B /* FirebaseAppCheck */ = {
			isa = XCSwiftPackageProductDependency;
			package = 84F3734927FD9E940007C89B /* XCRemoteSwiftPackageReference "firebase-ios-sdk" */;
			productName = FirebaseAppCheck;
		};
		84F3735227FD9E940007C89B /* FirebaseAppDistribution-Beta */ = {
			isa = XCSwiftPackageProductDependency;
			package = 84F3734927FD9E940007C89B /* XCRemoteSwiftPackageReference "firebase-ios-sdk" */;
			productName = "FirebaseAppDistribution-Beta";
		};
		84F3735427FD9E940007C89B /* FirebaseAuth */ = {
			isa = XCSwiftPackageProductDependency;
			package = 84F3734927FD9E940007C89B /* XCRemoteSwiftPackageReference "firebase-ios-sdk" */;
			productName = FirebaseAuth;
		};
		84F3735627FD9E940007C89B /* FirebaseAuthCombine-Community */ = {
			isa = XCSwiftPackageProductDependency;
			package = 84F3734927FD9E940007C89B /* XCRemoteSwiftPackageReference "firebase-ios-sdk" */;
			productName = "FirebaseAuthCombine-Community";
		};
		84F3735827FD9E940007C89B /* FirebaseCrashlytics */ = {
			isa = XCSwiftPackageProductDependency;
			package = 84F3734927FD9E940007C89B /* XCRemoteSwiftPackageReference "firebase-ios-sdk" */;
			productName = FirebaseCrashlytics;
		};
		84F3735A27FD9E940007C89B /* FirebaseDatabase */ = {
			isa = XCSwiftPackageProductDependency;
			package = 84F3734927FD9E940007C89B /* XCRemoteSwiftPackageReference "firebase-ios-sdk" */;
			productName = FirebaseDatabase;
		};
		84F3735C27FD9E940007C89B /* FirebaseDatabaseSwift-Beta */ = {
			isa = XCSwiftPackageProductDependency;
			package = 84F3734927FD9E940007C89B /* XCRemoteSwiftPackageReference "firebase-ios-sdk" */;
			productName = "FirebaseDatabaseSwift-Beta";
		};
		84F3735E27FD9E940007C89B /* FirebaseDynamicLinks */ = {
			isa = XCSwiftPackageProductDependency;
			package = 84F3734927FD9E940007C89B /* XCRemoteSwiftPackageReference "firebase-ios-sdk" */;
			productName = FirebaseDynamicLinks;
		};
		84F3736027FD9E940007C89B /* FirebaseFirestore */ = {
			isa = XCSwiftPackageProductDependency;
			package = 84F3734927FD9E940007C89B /* XCRemoteSwiftPackageReference "firebase-ios-sdk" */;
			productName = FirebaseFirestore;
		};
		84F3736227FD9E940007C89B /* FirebaseFirestoreCombine-Community */ = {
			isa = XCSwiftPackageProductDependency;
			package = 84F3734927FD9E940007C89B /* XCRemoteSwiftPackageReference "firebase-ios-sdk" */;
			productName = "FirebaseFirestoreCombine-Community";
		};
		84F3736427FD9E940007C89B /* FirebaseFirestoreSwift-Beta */ = {
			isa = XCSwiftPackageProductDependency;
			package = 84F3734927FD9E940007C89B /* XCRemoteSwiftPackageReference "firebase-ios-sdk" */;
			productName = "FirebaseFirestoreSwift-Beta";
		};
		84F3736627FD9E940007C89B /* FirebaseFunctions */ = {
			isa = XCSwiftPackageProductDependency;
			package = 84F3734927FD9E940007C89B /* XCRemoteSwiftPackageReference "firebase-ios-sdk" */;
			productName = FirebaseFunctions;
		};
		84F3736827FD9E940007C89B /* FirebaseFunctionsCombine-Community */ = {
			isa = XCSwiftPackageProductDependency;
			package = 84F3734927FD9E940007C89B /* XCRemoteSwiftPackageReference "firebase-ios-sdk" */;
			productName = "FirebaseFunctionsCombine-Community";
		};
		84F3736A27FD9E940007C89B /* FirebaseFunctionsSwift-Beta */ = {
			isa = XCSwiftPackageProductDependency;
			package = 84F3734927FD9E940007C89B /* XCRemoteSwiftPackageReference "firebase-ios-sdk" */;
			productName = "FirebaseFunctionsSwift-Beta";
		};
		84F3736C27FD9E940007C89B /* FirebaseInAppMessaging-Beta */ = {
			isa = XCSwiftPackageProductDependency;
			package = 84F3734927FD9E940007C89B /* XCRemoteSwiftPackageReference "firebase-ios-sdk" */;
			productName = "FirebaseInAppMessaging-Beta";
		};
		84F3736E27FD9E940007C89B /* FirebaseInAppMessagingSwift-Beta */ = {
			isa = XCSwiftPackageProductDependency;
			package = 84F3734927FD9E940007C89B /* XCRemoteSwiftPackageReference "firebase-ios-sdk" */;
			productName = "FirebaseInAppMessagingSwift-Beta";
		};
		84F3737027FD9E940007C89B /* FirebaseInstallations */ = {
			isa = XCSwiftPackageProductDependency;
			package = 84F3734927FD9E940007C89B /* XCRemoteSwiftPackageReference "firebase-ios-sdk" */;
			productName = FirebaseInstallations;
		};
		84F3737227FD9E940007C89B /* FirebaseMLModelDownloader */ = {
			isa = XCSwiftPackageProductDependency;
			package = 84F3734927FD9E940007C89B /* XCRemoteSwiftPackageReference "firebase-ios-sdk" */;
			productName = FirebaseMLModelDownloader;
		};
		84F3737427FD9E940007C89B /* FirebaseMessaging */ = {
			isa = XCSwiftPackageProductDependency;
			package = 84F3734927FD9E940007C89B /* XCRemoteSwiftPackageReference "firebase-ios-sdk" */;
			productName = FirebaseMessaging;
		};
		84F3737627FD9E940007C89B /* FirebasePerformance */ = {
			isa = XCSwiftPackageProductDependency;
			package = 84F3734927FD9E940007C89B /* XCRemoteSwiftPackageReference "firebase-ios-sdk" */;
			productName = FirebasePerformance;
		};
		84F3737827FD9E940007C89B /* FirebaseRemoteConfig */ = {
			isa = XCSwiftPackageProductDependency;
			package = 84F3734927FD9E940007C89B /* XCRemoteSwiftPackageReference "firebase-ios-sdk" */;
			productName = FirebaseRemoteConfig;
		};
		84F3737A27FD9E940007C89B /* FirebaseRemoteConfigSwift-Beta */ = {
			isa = XCSwiftPackageProductDependency;
			package = 84F3734927FD9E940007C89B /* XCRemoteSwiftPackageReference "firebase-ios-sdk" */;
			productName = "FirebaseRemoteConfigSwift-Beta";
		};
		84F3737C27FD9E940007C89B /* FirebaseStorage */ = {
			isa = XCSwiftPackageProductDependency;
			package = 84F3734927FD9E940007C89B /* XCRemoteSwiftPackageReference "firebase-ios-sdk" */;
			productName = FirebaseStorage;
		};
		84F3737E27FD9E940007C89B /* FirebaseStorageCombine-Community */ = {
			isa = XCSwiftPackageProductDependency;
			package = 84F3734927FD9E940007C89B /* XCRemoteSwiftPackageReference "firebase-ios-sdk" */;
			productName = "FirebaseStorageCombine-Community";
		};
		84F3738027FD9E940007C89B /* FirebaseStorageSwift-Beta */ = {
			isa = XCSwiftPackageProductDependency;
			package = 84F3734927FD9E940007C89B /* XCRemoteSwiftPackageReference "firebase-ios-sdk" */;
			productName = "FirebaseStorageSwift-Beta";
		};
/* End XCSwiftPackageProductDependency section */
	};
	rootObject = 84C3A67927FC58C400FB1853 /* Project object */;
}
