// !$*UTF8*$!
{
	archiveVersion = 1;
	classes = {
	};
	objectVersion = 55;
	objects = {

/* Begin PBXBuildFile section */
		32D3869E27FC852B009FE15F /* FirebaseAnalytics in Frameworks */ = {isa = PBXBuildFile; productRef = 32D3869D27FC852B009FE15F /* FirebaseAnalytics */; };
		32D386A027FC852B009FE15F /* FirebaseAnalyticsSwift-Beta in Frameworks */ = {isa = PBXBuildFile; productRef = 32D3869F27FC852B009FE15F /* FirebaseAnalyticsSwift-Beta */; };
		32D386A227FC852B009FE15F /* FirebaseAnalyticsWithoutAdIdSupport in Frameworks */ = {isa = PBXBuildFile; productRef = 32D386A127FC852B009FE15F /* FirebaseAnalyticsWithoutAdIdSupport */; };
		32D386A427FC852B009FE15F /* FirebaseAppCheck in Frameworks */ = {isa = PBXBuildFile; productRef = 32D386A327FC852B009FE15F /* FirebaseAppCheck */; };
		32D386A627FC852B009FE15F /* FirebaseAppDistribution-Beta in Frameworks */ = {isa = PBXBuildFile; productRef = 32D386A527FC852B009FE15F /* FirebaseAppDistribution-Beta */; };
		32D386A827FC852B009FE15F /* FirebaseAuth in Frameworks */ = {isa = PBXBuildFile; productRef = 32D386A727FC852B009FE15F /* FirebaseAuth */; };
		32D386AA27FC852B009FE15F /* FirebaseAuthCombine-Community in Frameworks */ = {isa = PBXBuildFile; productRef = 32D386A927FC852B009FE15F /* FirebaseAuthCombine-Community */; };
		32D386AC27FC852B009FE15F /* FirebaseCrashlytics in Frameworks */ = {isa = PBXBuildFile; productRef = 32D386AB27FC852B009FE15F /* FirebaseCrashlytics */; };
		32D386AE27FC852B009FE15F /* FirebaseDatabase in Frameworks */ = {isa = PBXBuildFile; productRef = 32D386AD27FC852B009FE15F /* FirebaseDatabase */; };
		32D386B027FC852B009FE15F /* FirebaseDatabaseSwift-Beta in Frameworks */ = {isa = PBXBuildFile; productRef = 32D386AF27FC852B009FE15F /* FirebaseDatabaseSwift-Beta */; };
		32D386B227FC852B009FE15F /* FirebaseDynamicLinks in Frameworks */ = {isa = PBXBuildFile; productRef = 32D386B127FC852B009FE15F /* FirebaseDynamicLinks */; };
		32D386B427FC852B009FE15F /* FirebaseFirestore in Frameworks */ = {isa = PBXBuildFile; productRef = 32D386B327FC852B009FE15F /* FirebaseFirestore */; };
		32D386B627FC852B009FE15F /* FirebaseFirestoreCombine-Community in Frameworks */ = {isa = PBXBuildFile; productRef = 32D386B527FC852B009FE15F /* FirebaseFirestoreCombine-Community */; };
		32D386B827FC852B009FE15F /* FirebaseFirestoreSwift-Beta in Frameworks */ = {isa = PBXBuildFile; productRef = 32D386B727FC852B009FE15F /* FirebaseFirestoreSwift-Beta */; };
		32D386BA27FC852B009FE15F /* FirebaseFunctions in Frameworks */ = {isa = PBXBuildFile; productRef = 32D386B927FC852B009FE15F /* FirebaseFunctions */; };
		32D386BC27FC852B009FE15F /* FirebaseFunctionsCombine-Community in Frameworks */ = {isa = PBXBuildFile; productRef = 32D386BB27FC852B009FE15F /* FirebaseFunctionsCombine-Community */; };
		32D386BE27FC852B009FE15F /* FirebaseFunctionsSwift-Beta in Frameworks */ = {isa = PBXBuildFile; productRef = 32D386BD27FC852B009FE15F /* FirebaseFunctionsSwift-Beta */; };
		32D386C027FC852B009FE15F /* FirebaseInAppMessaging-Beta in Frameworks */ = {isa = PBXBuildFile; productRef = 32D386BF27FC852B009FE15F /* FirebaseInAppMessaging-Beta */; };
		32D386C227FC852B009FE15F /* FirebaseInAppMessagingSwift-Beta in Frameworks */ = {isa = PBXBuildFile; productRef = 32D386C127FC852B009FE15F /* FirebaseInAppMessagingSwift-Beta */; };
		32D386C427FC852B009FE15F /* FirebaseInstallations in Frameworks */ = {isa = PBXBuildFile; productRef = 32D386C327FC852B009FE15F /* FirebaseInstallations */; };
		32D386C627FC852B009FE15F /* FirebaseMLModelDownloader in Frameworks */ = {isa = PBXBuildFile; productRef = 32D386C527FC852B009FE15F /* FirebaseMLModelDownloader */; };
		32D386C827FC852B009FE15F /* FirebaseMessaging in Frameworks */ = {isa = PBXBuildFile; productRef = 32D386C727FC852B009FE15F /* FirebaseMessaging */; };
		32D386CA27FC852B009FE15F /* FirebasePerformance in Frameworks */ = {isa = PBXBuildFile; productRef = 32D386C927FC852B009FE15F /* FirebasePerformance */; };
		32D386CC27FC852B009FE15F /* FirebaseRemoteConfig in Frameworks */ = {isa = PBXBuildFile; productRef = 32D386CB27FC852B009FE15F /* FirebaseRemoteConfig */; };
		32D386CE27FC852B009FE15F /* FirebaseRemoteConfigSwift-Beta in Frameworks */ = {isa = PBXBuildFile; productRef = 32D386CD27FC852B009FE15F /* FirebaseRemoteConfigSwift-Beta */; };
		32D386D027FC852B009FE15F /* FirebaseStorage in Frameworks */ = {isa = PBXBuildFile; productRef = 32D386CF27FC852B009FE15F /* FirebaseStorage */; };
		32D386D227FC852B009FE15F /* FirebaseStorageCombine-Community in Frameworks */ = {isa = PBXBuildFile; productRef = 32D386D127FC852B009FE15F /* FirebaseStorageCombine-Community */; };
		32D386D427FC852B009FE15F /* FirebaseStorageSwift-Beta in Frameworks */ = {isa = PBXBuildFile; productRef = 32D386D327FC852B009FE15F /* FirebaseStorageSwift-Beta */; };
		32D386DA27FC89E9009FE15F /* GoogleService-Info.plist in Resources */ = {isa = PBXBuildFile; fileRef = 32D386D927FC89E9009FE15F /* GoogleService-Info.plist */; };
		32D386DC27FC89F0009FE15F /* GoogleService-Info.plist in Resources */ = {isa = PBXBuildFile; fileRef = 32D386DB27FC89F0009FE15F /* GoogleService-Info.plist */; };
		32D386DE27FC904E009FE15F /* ScoreBoardViewController.swift in Sources */ = {isa = PBXBuildFile; fileRef = 32D386DD27FC904E009FE15F /* ScoreBoardViewController.swift */; };
		78A4C20427FC6FBF0038EA15 /* GameSettings.swift in Sources */ = {isa = PBXBuildFile; fileRef = 78A4C20327FC6FBF0038EA15 /* GameSettings.swift */; };
		78A4C20627FC72660038EA15 /* Cell.swift in Sources */ = {isa = PBXBuildFile; fileRef = 78A4C20527FC72660038EA15 /* Cell.swift */; };
		84C3A68527FC58C400FB1853 /* AppDelegate.swift in Sources */ = {isa = PBXBuildFile; fileRef = 84C3A68427FC58C400FB1853 /* AppDelegate.swift */; };
		84C3A68727FC58C400FB1853 /* SceneDelegate.swift in Sources */ = {isa = PBXBuildFile; fileRef = 84C3A68627FC58C400FB1853 /* SceneDelegate.swift */; };
		84C3A68927FC58C400FB1853 /* ViewController.swift in Sources */ = {isa = PBXBuildFile; fileRef = 84C3A68827FC58C400FB1853 /* ViewController.swift */; };
		84C3A68C27FC58C400FB1853 /* Main.storyboard in Resources */ = {isa = PBXBuildFile; fileRef = 84C3A68A27FC58C400FB1853 /* Main.storyboard */; };
		84C3A68E27FC58C400FB1853 /* Assets.xcassets in Resources */ = {isa = PBXBuildFile; fileRef = 84C3A68D27FC58C400FB1853 /* Assets.xcassets */; };
		84C3A69127FC58C400FB1853 /* LaunchScreen.storyboard in Resources */ = {isa = PBXBuildFile; fileRef = 84C3A68F27FC58C400FB1853 /* LaunchScreen.storyboard */; };
/* End PBXBuildFile section */

/* Begin PBXFileReference section */
		32D386D927FC89E9009FE15F /* GoogleService-Info.plist */ = {isa = PBXFileReference; fileEncoding = 4; lastKnownFileType = text.plist.xml; name = "GoogleService-Info.plist"; path = "Projet-ios-2022/GoogleService-Info.plist"; sourceTree = "<group>"; };
		32D386DB27FC89F0009FE15F /* GoogleService-Info.plist */ = {isa = PBXFileReference; fileEncoding = 4; lastKnownFileType = text.plist.xml; path = "GoogleService-Info.plist"; sourceTree = "<group>"; };
		32D386DD27FC904E009FE15F /* ScoreBoardViewController.swift */ = {isa = PBXFileReference; lastKnownFileType = sourcecode.swift; path = ScoreBoardViewController.swift; sourceTree = "<group>"; };
		78A4C20327FC6FBF0038EA15 /* GameSettings.swift */ = {isa = PBXFileReference; fileEncoding = 4; lastKnownFileType = sourcecode.swift; path = GameSettings.swift; sourceTree = "<group>"; };
		78A4C20527FC72660038EA15 /* Cell.swift */ = {isa = PBXFileReference; fileEncoding = 4; lastKnownFileType = sourcecode.swift; path = Cell.swift; sourceTree = "<group>"; };
		84C3A68127FC58C400FB1853 /* Projet-ios-2022.app */ = {isa = PBXFileReference; explicitFileType = wrapper.application; includeInIndex = 0; path = "Projet-ios-2022.app"; sourceTree = BUILT_PRODUCTS_DIR; };
		84C3A68427FC58C400FB1853 /* AppDelegate.swift */ = {isa = PBXFileReference; lastKnownFileType = sourcecode.swift; path = AppDelegate.swift; sourceTree = "<group>"; };
		84C3A68627FC58C400FB1853 /* SceneDelegate.swift */ = {isa = PBXFileReference; lastKnownFileType = sourcecode.swift; path = SceneDelegate.swift; sourceTree = "<group>"; };
		84C3A68827FC58C400FB1853 /* ViewController.swift */ = {isa = PBXFileReference; lastKnownFileType = sourcecode.swift; path = ViewController.swift; sourceTree = "<group>"; };
		84C3A68B27FC58C400FB1853 /* Base */ = {isa = PBXFileReference; lastKnownFileType = file.storyboard; name = Base; path = Base.lproj/Main.storyboard; sourceTree = "<group>"; };
		84C3A68D27FC58C400FB1853 /* Assets.xcassets */ = {isa = PBXFileReference; lastKnownFileType = folder.assetcatalog; path = Assets.xcassets; sourceTree = "<group>"; };
		84C3A69027FC58C400FB1853 /* Base */ = {isa = PBXFileReference; lastKnownFileType = file.storyboard; name = Base; path = Base.lproj/LaunchScreen.storyboard; sourceTree = "<group>"; };
		84C3A69227FC58C400FB1853 /* Info.plist */ = {isa = PBXFileReference; lastKnownFileType = text.plist.xml; path = Info.plist; sourceTree = "<group>"; };
/* End PBXFileReference section */

/* Begin PBXFrameworksBuildPhase section */
		84C3A67E27FC58C400FB1853 /* Frameworks */ = {
			isa = PBXFrameworksBuildPhase;
			buildActionMask = 2147483647;
			files = (
				32D386B627FC852B009FE15F /* FirebaseFirestoreCombine-Community in Frameworks */,
				32D386B027FC852B009FE15F /* FirebaseDatabaseSwift-Beta in Frameworks */,
				32D386B227FC852B009FE15F /* FirebaseDynamicLinks in Frameworks */,
				32D386A427FC852B009FE15F /* FirebaseAppCheck in Frameworks */,
				32D386A827FC852B009FE15F /* FirebaseAuth in Frameworks */,
				32D386D427FC852B009FE15F /* FirebaseStorageSwift-Beta in Frameworks */,
				32D386A027FC852B009FE15F /* FirebaseAnalyticsSwift-Beta in Frameworks */,
				32D386CE27FC852B009FE15F /* FirebaseRemoteConfigSwift-Beta in Frameworks */,
				32D386C627FC852B009FE15F /* FirebaseMLModelDownloader in Frameworks */,
				32D386B427FC852B009FE15F /* FirebaseFirestore in Frameworks */,
				32D386BC27FC852B009FE15F /* FirebaseFunctionsCombine-Community in Frameworks */,
				32D386A627FC852B009FE15F /* FirebaseAppDistribution-Beta in Frameworks */,
				32D386A227FC852B009FE15F /* FirebaseAnalyticsWithoutAdIdSupport in Frameworks */,
				32D386B827FC852B009FE15F /* FirebaseFirestoreSwift-Beta in Frameworks */,
				32D386C027FC852B009FE15F /* FirebaseInAppMessaging-Beta in Frameworks */,
				32D386AC27FC852B009FE15F /* FirebaseCrashlytics in Frameworks */,
				32D386AE27FC852B009FE15F /* FirebaseDatabase in Frameworks */,
				32D386D227FC852B009FE15F /* FirebaseStorageCombine-Community in Frameworks */,
				32D386CC27FC852B009FE15F /* FirebaseRemoteConfig in Frameworks */,
				32D386BE27FC852B009FE15F /* FirebaseFunctionsSwift-Beta in Frameworks */,
				32D386BA27FC852B009FE15F /* FirebaseFunctions in Frameworks */,
				32D386CA27FC852B009FE15F /* FirebasePerformance in Frameworks */,
				32D386C227FC852B009FE15F /* FirebaseInAppMessagingSwift-Beta in Frameworks */,
				32D386D027FC852B009FE15F /* FirebaseStorage in Frameworks */,
				32D386AA27FC852B009FE15F /* FirebaseAuthCombine-Community in Frameworks */,
				32D3869E27FC852B009FE15F /* FirebaseAnalytics in Frameworks */,
				32D386C827FC852B009FE15F /* FirebaseMessaging in Frameworks */,
				32D386C427FC852B009FE15F /* FirebaseInstallations in Frameworks */,
			);
			runOnlyForDeploymentPostprocessing = 0;
		};
/* End PBXFrameworksBuildPhase section */

/* Begin PBXGroup section */
		84C3A67827FC58C400FB1853 = {
			isa = PBXGroup;
			children = (
				32D386D927FC89E9009FE15F /* GoogleService-Info.plist */,
				84C3A68327FC58C400FB1853 /* Projet-ios-2022 */,
				84C3A68227FC58C400FB1853 /* Products */,
			);
			sourceTree = "<group>";
		};
		84C3A68227FC58C400FB1853 /* Products */ = {
			isa = PBXGroup;
			children = (
				84C3A68127FC58C400FB1853 /* Projet-ios-2022.app */,
			);
			name = Products;
			sourceTree = "<group>";
		};
		84C3A68327FC58C400FB1853 /* Projet-ios-2022 */ = {
			isa = PBXGroup;
			children = (
				32D386DB27FC89F0009FE15F /* GoogleService-Info.plist */,
				84C3A68427FC58C400FB1853 /* AppDelegate.swift */,
				78A4C20527FC72660038EA15 /* Cell.swift */,
				84C3A68627FC58C400FB1853 /* SceneDelegate.swift */,
				78A4C20327FC6FBF0038EA15 /* GameSettings.swift */,
				84C3A68827FC58C400FB1853 /* ViewController.swift */,
				84C3A68A27FC58C400FB1853 /* Main.storyboard */,
				84C3A68D27FC58C400FB1853 /* Assets.xcassets */,
				84C3A68F27FC58C400FB1853 /* LaunchScreen.storyboard */,
				84C3A69227FC58C400FB1853 /* Info.plist */,
				32D386DD27FC904E009FE15F /* ScoreBoardViewController.swift */,
			);
			path = "Projet-ios-2022";
			sourceTree = "<group>";
		};
/* End PBXGroup section */

/* Begin PBXNativeTarget section */
		84C3A68027FC58C400FB1853 /* Projet-ios-2022 */ = {
			isa = PBXNativeTarget;
			buildConfigurationList = 84C3A69527FC58C400FB1853 /* Build configuration list for PBXNativeTarget "Projet-ios-2022" */;
			buildPhases = (
				84C3A67D27FC58C400FB1853 /* Sources */,
				84C3A67E27FC58C400FB1853 /* Frameworks */,
				84C3A67F27FC58C400FB1853 /* Resources */,
			);
			buildRules = (
			);
			dependencies = (
			);
			name = "Projet-ios-2022";
			packageProductDependencies = (
				32D3869D27FC852B009FE15F /* FirebaseAnalytics */,
				32D3869F27FC852B009FE15F /* FirebaseAnalyticsSwift-Beta */,
				32D386A127FC852B009FE15F /* FirebaseAnalyticsWithoutAdIdSupport */,
				32D386A327FC852B009FE15F /* FirebaseAppCheck */,
				32D386A527FC852B009FE15F /* FirebaseAppDistribution-Beta */,
				32D386A727FC852B009FE15F /* FirebaseAuth */,
				32D386A927FC852B009FE15F /* FirebaseAuthCombine-Community */,
				32D386AB27FC852B009FE15F /* FirebaseCrashlytics */,
				32D386AD27FC852B009FE15F /* FirebaseDatabase */,
				32D386AF27FC852B009FE15F /* FirebaseDatabaseSwift-Beta */,
				32D386B127FC852B009FE15F /* FirebaseDynamicLinks */,
				32D386B327FC852B009FE15F /* FirebaseFirestore */,
				32D386B527FC852B009FE15F /* FirebaseFirestoreCombine-Community */,
				32D386B727FC852B009FE15F /* FirebaseFirestoreSwift-Beta */,
				32D386B927FC852B009FE15F /* FirebaseFunctions */,
				32D386BB27FC852B009FE15F /* FirebaseFunctionsCombine-Community */,
				32D386BD27FC852B009FE15F /* FirebaseFunctionsSwift-Beta */,
				32D386BF27FC852B009FE15F /* FirebaseInAppMessaging-Beta */,
				32D386C127FC852B009FE15F /* FirebaseInAppMessagingSwift-Beta */,
				32D386C327FC852B009FE15F /* FirebaseInstallations */,
				32D386C527FC852B009FE15F /* FirebaseMLModelDownloader */,
				32D386C727FC852B009FE15F /* FirebaseMessaging */,
				32D386C927FC852B009FE15F /* FirebasePerformance */,
				32D386CB27FC852B009FE15F /* FirebaseRemoteConfig */,
				32D386CD27FC852B009FE15F /* FirebaseRemoteConfigSwift-Beta */,
				32D386CF27FC852B009FE15F /* FirebaseStorage */,
				32D386D127FC852B009FE15F /* FirebaseStorageCombine-Community */,
				32D386D327FC852B009FE15F /* FirebaseStorageSwift-Beta */,
			);
			productName = "Projet-ios-2022";
			productReference = 84C3A68127FC58C400FB1853 /* Projet-ios-2022.app */;
			productType = "com.apple.product-type.application";
		};
/* End PBXNativeTarget section */

/* Begin PBXProject section */
		84C3A67927FC58C400FB1853 /* Project object */ = {
			isa = PBXProject;
			attributes = {
				BuildIndependentTargetsInParallel = 1;
				LastSwiftUpdateCheck = 1320;
				LastUpgradeCheck = 1320;
				TargetAttributes = {
					84C3A68027FC58C400FB1853 = {
						CreatedOnToolsVersion = 13.2.1;
					};
				};
			};
			buildConfigurationList = 84C3A67C27FC58C400FB1853 /* Build configuration list for PBXProject "Projet-ios-2022" */;
			compatibilityVersion = "Xcode 13.0";
			developmentRegion = en;
			hasScannedForEncodings = 0;
			knownRegions = (
				en,
				Base,
			);
			mainGroup = 84C3A67827FC58C400FB1853;
			packageReferences = (
				32D3869C27FC852A009FE15F /* XCRemoteSwiftPackageReference "firebase-ios-sdk" */,
			);
			productRefGroup = 84C3A68227FC58C400FB1853 /* Products */;
			projectDirPath = "";
			projectRoot = "";
			targets = (
				84C3A68027FC58C400FB1853 /* Projet-ios-2022 */,
			);
		};
/* End PBXProject section */

/* Begin PBXResourcesBuildPhase section */
		84C3A67F27FC58C400FB1853 /* Resources */ = {
			isa = PBXResourcesBuildPhase;
			buildActionMask = 2147483647;
			files = (
				84C3A69127FC58C400FB1853 /* LaunchScreen.storyboard in Resources */,
				32D386DA27FC89E9009FE15F /* GoogleService-Info.plist in Resources */,
				32D386DC27FC89F0009FE15F /* GoogleService-Info.plist in Resources */,
				84C3A68E27FC58C400FB1853 /* Assets.xcassets in Resources */,
				84C3A68C27FC58C400FB1853 /* Main.storyboard in Resources */,
			);
			runOnlyForDeploymentPostprocessing = 0;
		};
/* End PBXResourcesBuildPhase section */

/* Begin PBXSourcesBuildPhase section */
		84C3A67D27FC58C400FB1853 /* Sources */ = {
			isa = PBXSourcesBuildPhase;
			buildActionMask = 2147483647;
			files = (
				78A4C20427FC6FBF0038EA15 /* GameSettings.swift in Sources */,
				84C3A68927FC58C400FB1853 /* ViewController.swift in Sources */,
				78A4C20627FC72660038EA15 /* Cell.swift in Sources */,
				84C3A68527FC58C400FB1853 /* AppDelegate.swift in Sources */,
				32D386DE27FC904E009FE15F /* ScoreBoardViewController.swift in Sources */,
				84C3A68727FC58C400FB1853 /* SceneDelegate.swift in Sources */,
			);
			runOnlyForDeploymentPostprocessing = 0;
		};
/* End PBXSourcesBuildPhase section */

/* Begin PBXVariantGroup section */
		84C3A68A27FC58C400FB1853 /* Main.storyboard */ = {
			isa = PBXVariantGroup;
			children = (
				84C3A68B27FC58C400FB1853 /* Base */,
			);
			name = Main.storyboard;
			sourceTree = "<group>";
		};
		84C3A68F27FC58C400FB1853 /* LaunchScreen.storyboard */ = {
			isa = PBXVariantGroup;
			children = (
				84C3A69027FC58C400FB1853 /* Base */,
			);
			name = LaunchScreen.storyboard;
			sourceTree = "<group>";
		};
/* End PBXVariantGroup section */

/* Begin XCBuildConfiguration section */
		84C3A69327FC58C400FB1853 /* Debug */ = {
			isa = XCBuildConfiguration;
			buildSettings = {
				ALWAYS_SEARCH_USER_PATHS = NO;
				CLANG_ANALYZER_NONNULL = YES;
				CLANG_ANALYZER_NUMBER_OBJECT_CONVERSION = YES_AGGRESSIVE;
				CLANG_CXX_LANGUAGE_STANDARD = "gnu++17";
				CLANG_CXX_LIBRARY = "libc++";
				CLANG_ENABLE_MODULES = YES;
				CLANG_ENABLE_OBJC_ARC = YES;
				CLANG_ENABLE_OBJC_WEAK = YES;
				CLANG_WARN_BLOCK_CAPTURE_AUTORELEASING = YES;
				CLANG_WARN_BOOL_CONVERSION = YES;
				CLANG_WARN_COMMA = YES;
				CLANG_WARN_CONSTANT_CONVERSION = YES;
				CLANG_WARN_DEPRECATED_OBJC_IMPLEMENTATIONS = YES;
				CLANG_WARN_DIRECT_OBJC_ISA_USAGE = YES_ERROR;
				CLANG_WARN_DOCUMENTATION_COMMENTS = YES;
				CLANG_WARN_EMPTY_BODY = YES;
				CLANG_WARN_ENUM_CONVERSION = YES;
				CLANG_WARN_INFINITE_RECURSION = YES;
				CLANG_WARN_INT_CONVERSION = YES;
				CLANG_WARN_NON_LITERAL_NULL_CONVERSION = YES;
				CLANG_WARN_OBJC_IMPLICIT_RETAIN_SELF = YES;
				CLANG_WARN_OBJC_LITERAL_CONVERSION = YES;
				CLANG_WARN_OBJC_ROOT_CLASS = YES_ERROR;
				CLANG_WARN_QUOTED_INCLUDE_IN_FRAMEWORK_HEADER = YES;
				CLANG_WARN_RANGE_LOOP_ANALYSIS = YES;
				CLANG_WARN_STRICT_PROTOTYPES = YES;
				CLANG_WARN_SUSPICIOUS_MOVE = YES;
				CLANG_WARN_UNGUARDED_AVAILABILITY = YES_AGGRESSIVE;
				CLANG_WARN_UNREACHABLE_CODE = YES;
				CLANG_WARN__DUPLICATE_METHOD_MATCH = YES;
				COPY_PHASE_STRIP = NO;
				DEBUG_INFORMATION_FORMAT = dwarf;
				ENABLE_STRICT_OBJC_MSGSEND = YES;
				ENABLE_TESTABILITY = YES;
				GCC_C_LANGUAGE_STANDARD = gnu11;
				GCC_DYNAMIC_NO_PIC = NO;
				GCC_NO_COMMON_BLOCKS = YES;
				GCC_OPTIMIZATION_LEVEL = 0;
				GCC_PREPROCESSOR_DEFINITIONS = (
					"DEBUG=1",
					"$(inherited)",
				);
				GCC_WARN_64_TO_32_BIT_CONVERSION = YES;
				GCC_WARN_ABOUT_RETURN_TYPE = YES_ERROR;
				GCC_WARN_UNDECLARED_SELECTOR = YES;
				GCC_WARN_UNINITIALIZED_AUTOS = YES_AGGRESSIVE;
				GCC_WARN_UNUSED_FUNCTION = YES;
				GCC_WARN_UNUSED_VARIABLE = YES;
				IPHONEOS_DEPLOYMENT_TARGET = 15;
				MTL_ENABLE_DEBUG_INFO = INCLUDE_SOURCE;
				MTL_FAST_MATH = YES;
				ONLY_ACTIVE_ARCH = YES;
				SDKROOT = iphoneos;
				SWIFT_ACTIVE_COMPILATION_CONDITIONS = DEBUG;
				SWIFT_OPTIMIZATION_LEVEL = "-Onone";
			};
			name = Debug;
		};
		84C3A69427FC58C400FB1853 /* Release */ = {
			isa = XCBuildConfiguration;
			buildSettings = {
				ALWAYS_SEARCH_USER_PATHS = NO;
				CLANG_ANALYZER_NONNULL = YES;
				CLANG_ANALYZER_NUMBER_OBJECT_CONVERSION = YES_AGGRESSIVE;
				CLANG_CXX_LANGUAGE_STANDARD = "gnu++17";
				CLANG_CXX_LIBRARY = "libc++";
				CLANG_ENABLE_MODULES = YES;
				CLANG_ENABLE_OBJC_ARC = YES;
				CLANG_ENABLE_OBJC_WEAK = YES;
				CLANG_WARN_BLOCK_CAPTURE_AUTORELEASING = YES;
				CLANG_WARN_BOOL_CONVERSION = YES;
				CLANG_WARN_COMMA = YES;
				CLANG_WARN_CONSTANT_CONVERSION = YES;
				CLANG_WARN_DEPRECATED_OBJC_IMPLEMENTATIONS = YES;
				CLANG_WARN_DIRECT_OBJC_ISA_USAGE = YES_ERROR;
				CLANG_WARN_DOCUMENTATION_COMMENTS = YES;
				CLANG_WARN_EMPTY_BODY = YES;
				CLANG_WARN_ENUM_CONVERSION = YES;
				CLANG_WARN_INFINITE_RECURSION = YES;
				CLANG_WARN_INT_CONVERSION = YES;
				CLANG_WARN_NON_LITERAL_NULL_CONVERSION = YES;
				CLANG_WARN_OBJC_IMPLICIT_RETAIN_SELF = YES;
				CLANG_WARN_OBJC_LITERAL_CONVERSION = YES;
				CLANG_WARN_OBJC_ROOT_CLASS = YES_ERROR;
				CLANG_WARN_QUOTED_INCLUDE_IN_FRAMEWORK_HEADER = YES;
				CLANG_WARN_RANGE_LOOP_ANALYSIS = YES;
				CLANG_WARN_STRICT_PROTOTYPES = YES;
				CLANG_WARN_SUSPICIOUS_MOVE = YES;
				CLANG_WARN_UNGUARDED_AVAILABILITY = YES_AGGRESSIVE;
				CLANG_WARN_UNREACHABLE_CODE = YES;
				CLANG_WARN__DUPLICATE_METHOD_MATCH = YES;
				COPY_PHASE_STRIP = NO;
				DEBUG_INFORMATION_FORMAT = "dwarf-with-dsym";
				ENABLE_NS_ASSERTIONS = NO;
				ENABLE_STRICT_OBJC_MSGSEND = YES;
				GCC_C_LANGUAGE_STANDARD = gnu11;
				GCC_NO_COMMON_BLOCKS = YES;
				GCC_WARN_64_TO_32_BIT_CONVERSION = YES;
				GCC_WARN_ABOUT_RETURN_TYPE = YES_ERROR;
				GCC_WARN_UNDECLARED_SELECTOR = YES;
				GCC_WARN_UNINITIALIZED_AUTOS = YES_AGGRESSIVE;
				GCC_WARN_UNUSED_FUNCTION = YES;
				GCC_WARN_UNUSED_VARIABLE = YES;
				IPHONEOS_DEPLOYMENT_TARGET = 15;
				MTL_ENABLE_DEBUG_INFO = NO;
				MTL_FAST_MATH = YES;
				SDKROOT = iphoneos;
				SWIFT_COMPILATION_MODE = wholemodule;
				SWIFT_OPTIMIZATION_LEVEL = "-O";
				VALIDATE_PRODUCT = YES;
			};
			name = Release;
		};
		84C3A69627FC58C400FB1853 /* Debug */ = {
			isa = XCBuildConfiguration;
			buildSettings = {
				ASSETCATALOG_COMPILER_APPICON_NAME = AppIcon;
				ASSETCATALOG_COMPILER_GLOBAL_ACCENT_COLOR_NAME = AccentColor;
				CODE_SIGN_STYLE = Automatic;
				CURRENT_PROJECT_VERSION = 1;
				GENERATE_INFOPLIST_FILE = YES;
				INFOPLIST_FILE = "Projet-ios-2022/Info.plist";
				INFOPLIST_KEY_UIApplicationSupportsIndirectInputEvents = YES;
				INFOPLIST_KEY_UILaunchStoryboardName = LaunchScreen;
				INFOPLIST_KEY_UIMainStoryboardFile = Main;
				INFOPLIST_KEY_UISupportedInterfaceOrientations_iPad = "UIInterfaceOrientationPortrait UIInterfaceOrientationPortraitUpsideDown UIInterfaceOrientationLandscapeLeft UIInterfaceOrientationLandscapeRight";
				INFOPLIST_KEY_UISupportedInterfaceOrientations_iPhone = "UIInterfaceOrientationPortrait UIInterfaceOrientationLandscapeLeft UIInterfaceOrientationLandscapeRight";
				LD_RUNPATH_SEARCH_PATHS = (
					"$(inherited)",
					"@executable_path/Frameworks",
				);
				MARKETING_VERSION = 1.0;
				PRODUCT_BUNDLE_IDENTIFIER = "TAKA-Gang.Projet-ios-2022";
				PRODUCT_NAME = "$(TARGET_NAME)";
				SWIFT_EMIT_LOC_STRINGS = YES;
				SWIFT_VERSION = 5.0;
				TARGETED_DEVICE_FAMILY = "1,2";
			};
			name = Debug;
		};
		84C3A69727FC58C400FB1853 /* Release */ = {
			isa = XCBuildConfiguration;
			buildSettings = {
				ASSETCATALOG_COMPILER_APPICON_NAME = AppIcon;
				ASSETCATALOG_COMPILER_GLOBAL_ACCENT_COLOR_NAME = AccentColor;
				CODE_SIGN_STYLE = Automatic;
				CURRENT_PROJECT_VERSION = 1;
				GENERATE_INFOPLIST_FILE = YES;
				INFOPLIST_FILE = "Projet-ios-2022/Info.plist";
				INFOPLIST_KEY_UIApplicationSupportsIndirectInputEvents = YES;
				INFOPLIST_KEY_UILaunchStoryboardName = LaunchScreen;
				INFOPLIST_KEY_UIMainStoryboardFile = Main;
				INFOPLIST_KEY_UISupportedInterfaceOrientations_iPad = "UIInterfaceOrientationPortrait UIInterfaceOrientationPortraitUpsideDown UIInterfaceOrientationLandscapeLeft UIInterfaceOrientationLandscapeRight";
				INFOPLIST_KEY_UISupportedInterfaceOrientations_iPhone = "UIInterfaceOrientationPortrait UIInterfaceOrientationLandscapeLeft UIInterfaceOrientationLandscapeRight";
				LD_RUNPATH_SEARCH_PATHS = (
					"$(inherited)",
					"@executable_path/Frameworks",
				);
				MARKETING_VERSION = 1.0;
				PRODUCT_BUNDLE_IDENTIFIER = "TAKA-Gang.Projet-ios-2022";
				PRODUCT_NAME = "$(TARGET_NAME)";
				SWIFT_EMIT_LOC_STRINGS = YES;
				SWIFT_VERSION = 5.0;
				TARGETED_DEVICE_FAMILY = "1,2";
			};
			name = Release;
		};
/* End XCBuildConfiguration section */

/* Begin XCConfigurationList section */
		84C3A67C27FC58C400FB1853 /* Build configuration list for PBXProject "Projet-ios-2022" */ = {
			isa = XCConfigurationList;
			buildConfigurations = (
				84C3A69327FC58C400FB1853 /* Debug */,
				84C3A69427FC58C400FB1853 /* Release */,
			);
			defaultConfigurationIsVisible = 0;
			defaultConfigurationName = Release;
		};
		84C3A69527FC58C400FB1853 /* Build configuration list for PBXNativeTarget "Projet-ios-2022" */ = {
			isa = XCConfigurationList;
			buildConfigurations = (
				84C3A69627FC58C400FB1853 /* Debug */,
				84C3A69727FC58C400FB1853 /* Release */,
			);
			defaultConfigurationIsVisible = 0;
			defaultConfigurationName = Release;
		};
/* End XCConfigurationList section */

/* Begin XCRemoteSwiftPackageReference section */
		32D3869C27FC852A009FE15F /* XCRemoteSwiftPackageReference "firebase-ios-sdk" */ = {
			isa = XCRemoteSwiftPackageReference;
			repositoryURL = "https://github.com/firebase/firebase-ios-sdk";
			requirement = {
				branch = master;
				kind = branch;
			};
		};
/* End XCRemoteSwiftPackageReference section */

/* Begin XCSwiftPackageProductDependency section */
		32D3869D27FC852B009FE15F /* FirebaseAnalytics */ = {
			isa = XCSwiftPackageProductDependency;
			package = 32D3869C27FC852A009FE15F /* XCRemoteSwiftPackageReference "firebase-ios-sdk" */;
			productName = FirebaseAnalytics;
		};
		32D3869F27FC852B009FE15F /* FirebaseAnalyticsSwift-Beta */ = {
			isa = XCSwiftPackageProductDependency;
			package = 32D3869C27FC852A009FE15F /* XCRemoteSwiftPackageReference "firebase-ios-sdk" */;
			productName = "FirebaseAnalyticsSwift-Beta";
		};
		32D386A127FC852B009FE15F /* FirebaseAnalyticsWithoutAdIdSupport */ = {
			isa = XCSwiftPackageProductDependency;
			package = 32D3869C27FC852A009FE15F /* XCRemoteSwiftPackageReference "firebase-ios-sdk" */;
			productName = FirebaseAnalyticsWithoutAdIdSupport;
		};
		32D386A327FC852B009FE15F /* FirebaseAppCheck */ = {
			isa = XCSwiftPackageProductDependency;
			package = 32D3869C27FC852A009FE15F /* XCRemoteSwiftPackageReference "firebase-ios-sdk" */;
			productName = FirebaseAppCheck;
		};
		32D386A527FC852B009FE15F /* FirebaseAppDistribution-Beta */ = {
			isa = XCSwiftPackageProductDependency;
			package = 32D3869C27FC852A009FE15F /* XCRemoteSwiftPackageReference "firebase-ios-sdk" */;
			productName = "FirebaseAppDistribution-Beta";
		};
		32D386A727FC852B009FE15F /* FirebaseAuth */ = {
			isa = XCSwiftPackageProductDependency;
			package = 32D3869C27FC852A009FE15F /* XCRemoteSwiftPackageReference "firebase-ios-sdk" */;
			productName = FirebaseAuth;
		};
		32D386A927FC852B009FE15F /* FirebaseAuthCombine-Community */ = {
			isa = XCSwiftPackageProductDependency;
			package = 32D3869C27FC852A009FE15F /* XCRemoteSwiftPackageReference "firebase-ios-sdk" */;
			productName = "FirebaseAuthCombine-Community";
		};
		32D386AB27FC852B009FE15F /* FirebaseCrashlytics */ = {
			isa = XCSwiftPackageProductDependency;
			package = 32D3869C27FC852A009FE15F /* XCRemoteSwiftPackageReference "firebase-ios-sdk" */;
			productName = FirebaseCrashlytics;
		};
		32D386AD27FC852B009FE15F /* FirebaseDatabase */ = {
			isa = XCSwiftPackageProductDependency;
			package = 32D3869C27FC852A009FE15F /* XCRemoteSwiftPackageReference "firebase-ios-sdk" */;
			productName = FirebaseDatabase;
		};
		32D386AF27FC852B009FE15F /* FirebaseDatabaseSwift-Beta */ = {
			isa = XCSwiftPackageProductDependency;
			package = 32D3869C27FC852A009FE15F /* XCRemoteSwiftPackageReference "firebase-ios-sdk" */;
			productName = "FirebaseDatabaseSwift-Beta";
		};
		32D386B127FC852B009FE15F /* FirebaseDynamicLinks */ = {
			isa = XCSwiftPackageProductDependency;
			package = 32D3869C27FC852A009FE15F /* XCRemoteSwiftPackageReference "firebase-ios-sdk" */;
			productName = FirebaseDynamicLinks;
		};
		32D386B327FC852B009FE15F /* FirebaseFirestore */ = {
			isa = XCSwiftPackageProductDependency;
			package = 32D3869C27FC852A009FE15F /* XCRemoteSwiftPackageReference "firebase-ios-sdk" */;
			productName = FirebaseFirestore;
		};
		32D386B527FC852B009FE15F /* FirebaseFirestoreCombine-Community */ = {
			isa = XCSwiftPackageProductDependency;
			package = 32D3869C27FC852A009FE15F /* XCRemoteSwiftPackageReference "firebase-ios-sdk" */;
			productName = "FirebaseFirestoreCombine-Community";
		};
		32D386B727FC852B009FE15F /* FirebaseFirestoreSwift-Beta */ = {
			isa = XCSwiftPackageProductDependency;
			package = 32D3869C27FC852A009FE15F /* XCRemoteSwiftPackageReference "firebase-ios-sdk" */;
			productName = "FirebaseFirestoreSwift-Beta";
		};
		32D386B927FC852B009FE15F /* FirebaseFunctions */ = {
			isa = XCSwiftPackageProductDependency;
			package = 32D3869C27FC852A009FE15F /* XCRemoteSwiftPackageReference "firebase-ios-sdk" */;
			productName = FirebaseFunctions;
		};
		32D386BB27FC852B009FE15F /* FirebaseFunctionsCombine-Community */ = {
			isa = XCSwiftPackageProductDependency;
			package = 32D3869C27FC852A009FE15F /* XCRemoteSwiftPackageReference "firebase-ios-sdk" */;
			productName = "FirebaseFunctionsCombine-Community";
		};
		32D386BD27FC852B009FE15F /* FirebaseFunctionsSwift-Beta */ = {
			isa = XCSwiftPackageProductDependency;
			package = 32D3869C27FC852A009FE15F /* XCRemoteSwiftPackageReference "firebase-ios-sdk" */;
			productName = "FirebaseFunctionsSwift-Beta";
		};
		32D386BF27FC852B009FE15F /* FirebaseInAppMessaging-Beta */ = {
			isa = XCSwiftPackageProductDependency;
			package = 32D3869C27FC852A009FE15F /* XCRemoteSwiftPackageReference "firebase-ios-sdk" */;
			productName = "FirebaseInAppMessaging-Beta";
		};
		32D386C127FC852B009FE15F /* FirebaseInAppMessagingSwift-Beta */ = {
			isa = XCSwiftPackageProductDependency;
			package = 32D3869C27FC852A009FE15F /* XCRemoteSwiftPackageReference "firebase-ios-sdk" */;
			productName = "FirebaseInAppMessagingSwift-Beta";
		};
		32D386C327FC852B009FE15F /* FirebaseInstallations */ = {
			isa = XCSwiftPackageProductDependency;
			package = 32D3869C27FC852A009FE15F /* XCRemoteSwiftPackageReference "firebase-ios-sdk" */;
			productName = FirebaseInstallations;
		};
		32D386C527FC852B009FE15F /* FirebaseMLModelDownloader */ = {
			isa = XCSwiftPackageProductDependency;
			package = 32D3869C27FC852A009FE15F /* XCRemoteSwiftPackageReference "firebase-ios-sdk" */;
			productName = FirebaseMLModelDownloader;
		};
		32D386C727FC852B009FE15F /* FirebaseMessaging */ = {
			isa = XCSwiftPackageProductDependency;
			package = 32D3869C27FC852A009FE15F /* XCRemoteSwiftPackageReference "firebase-ios-sdk" */;
			productName = FirebaseMessaging;
		};
		32D386C927FC852B009FE15F /* FirebasePerformance */ = {
			isa = XCSwiftPackageProductDependency;
			package = 32D3869C27FC852A009FE15F /* XCRemoteSwiftPackageReference "firebase-ios-sdk" */;
			productName = FirebasePerformance;
		};
		32D386CB27FC852B009FE15F /* FirebaseRemoteConfig */ = {
			isa = XCSwiftPackageProductDependency;
			package = 32D3869C27FC852A009FE15F /* XCRemoteSwiftPackageReference "firebase-ios-sdk" */;
			productName = FirebaseRemoteConfig;
		};
		32D386CD27FC852B009FE15F /* FirebaseRemoteConfigSwift-Beta */ = {
			isa = XCSwiftPackageProductDependency;
			package = 32D3869C27FC852A009FE15F /* XCRemoteSwiftPackageReference "firebase-ios-sdk" */;
			productName = "FirebaseRemoteConfigSwift-Beta";
		};
		32D386CF27FC852B009FE15F /* FirebaseStorage */ = {
			isa = XCSwiftPackageProductDependency;
			package = 32D3869C27FC852A009FE15F /* XCRemoteSwiftPackageReference "firebase-ios-sdk" */;
			productName = FirebaseStorage;
		};
		32D386D127FC852B009FE15F /* FirebaseStorageCombine-Community */ = {
			isa = XCSwiftPackageProductDependency;
			package = 32D3869C27FC852A009FE15F /* XCRemoteSwiftPackageReference "firebase-ios-sdk" */;
			productName = "FirebaseStorageCombine-Community";
		};
		32D386D327FC852B009FE15F /* FirebaseStorageSwift-Beta */ = {
			isa = XCSwiftPackageProductDependency;
			package = 32D3869C27FC852A009FE15F /* XCRemoteSwiftPackageReference "firebase-ios-sdk" */;
			productName = "FirebaseStorageSwift-Beta";
		};
/* End XCSwiftPackageProductDependency section */
	};
	rootObject = 84C3A67927FC58C400FB1853 /* Project object */;
}
